// !$*UTF8*$!
{
	archiveVersion = 1;
	classes = {
	};
	objectVersion = 46;
	objects = {

/* Begin PBXBuildFile section */
		4CDE72301DEBC04C00E7F0E6 /* main.m in Sources */ = {isa = PBXBuildFile; fileRef = 4CDE722F1DEBC04C00E7F0E6 /* main.m */; };
		4CDE72331DEBC04C00E7F0E6 /* AppDelegate.m in Sources */ = {isa = PBXBuildFile; fileRef = 4CDE72321DEBC04C00E7F0E6 /* AppDelegate.m */; };
		4CDE72361DEBC04C00E7F0E6 /* ViewController.m in Sources */ = {isa = PBXBuildFile; fileRef = 4CDE72351DEBC04C00E7F0E6 /* ViewController.m */; };
		4CDE72391DEBC04C00E7F0E6 /* Main.storyboard in Resources */ = {isa = PBXBuildFile; fileRef = 4CDE72371DEBC04C00E7F0E6 /* Main.storyboard */; };
		4CDE723B1DEBC04C00E7F0E6 /* Assets.xcassets in Resources */ = {isa = PBXBuildFile; fileRef = 4CDE723A1DEBC04C00E7F0E6 /* Assets.xcassets */; };
		4CDE723E1DEBC04C00E7F0E6 /* LaunchScreen.storyboard in Resources */ = {isa = PBXBuildFile; fileRef = 4CDE723C1DEBC04C00E7F0E6 /* LaunchScreen.storyboard */; };
		4CDE72491DEBC04C00E7F0E6 /* Runtime_Add_PropertyTests.m in Sources */ = {isa = PBXBuildFile; fileRef = 4CDE72481DEBC04C00E7F0E6 /* Runtime_Add_PropertyTests.m */; };
		4CDE72541DEBC04C00E7F0E6 /* Runtime_Add_PropertyUITests.m in Sources */ = {isa = PBXBuildFile; fileRef = 4CDE72531DEBC04C00E7F0E6 /* Runtime_Add_PropertyUITests.m */; };
		4CDE72631DEBC07D00E7F0E6 /* NSObject+Property.m in Sources */ = {isa = PBXBuildFile; fileRef = 4CDE72621DEBC07D00E7F0E6 /* NSObject+Property.m */; };
/* End PBXBuildFile section */

/* Begin PBXContainerItemProxy section */
		4CDE72451DEBC04C00E7F0E6 /* PBXContainerItemProxy */ = {
			isa = PBXContainerItemProxy;
			containerPortal = 4CDE72231DEBC04C00E7F0E6 /* Project object */;
			proxyType = 1;
			remoteGlobalIDString = 4CDE722A1DEBC04C00E7F0E6;
			remoteInfo = "Runtime Add Property";
		};
		4CDE72501DEBC04C00E7F0E6 /* PBXContainerItemProxy */ = {
			isa = PBXContainerItemProxy;
			containerPortal = 4CDE72231DEBC04C00E7F0E6 /* Project object */;
			proxyType = 1;
			remoteGlobalIDString = 4CDE722A1DEBC04C00E7F0E6;
			remoteInfo = "Runtime Add Property";
		};
/* End PBXContainerItemProxy section */

/* Begin PBXFileReference section */
		4CDE722B1DEBC04C00E7F0E6 /* Runtime Add Property.app */ = {isa = PBXFileReference; explicitFileType = wrapper.application; includeInIndex = 0; path = "Runtime Add Property.app"; sourceTree = BUILT_PRODUCTS_DIR; };
		4CDE722F1DEBC04C00E7F0E6 /* main.m */ = {isa = PBXFileReference; lastKnownFileType = sourcecode.c.objc; path = main.m; sourceTree = "<group>"; };
		4CDE72311DEBC04C00E7F0E6 /* AppDelegate.h */ = {isa = PBXFileReference; lastKnownFileType = sourcecode.c.h; path = AppDelegate.h; sourceTree = "<group>"; };
		4CDE72321DEBC04C00E7F0E6 /* AppDelegate.m */ = {isa = PBXFileReference; lastKnownFileType = sourcecode.c.objc; path = AppDelegate.m; sourceTree = "<group>"; };
		4CDE72341DEBC04C00E7F0E6 /* ViewController.h */ = {isa = PBXFileReference; lastKnownFileType = sourcecode.c.h; path = ViewController.h; sourceTree = "<group>"; };
		4CDE72351DEBC04C00E7F0E6 /* ViewController.m */ = {isa = PBXFileReference; lastKnownFileType = sourcecode.c.objc; path = ViewController.m; sourceTree = "<group>"; };
		4CDE72381DEBC04C00E7F0E6 /* Base */ = {isa = PBXFileReference; lastKnownFileType = file.storyboard; name = Base; path = Base.lproj/Main.storyboard; sourceTree = "<group>"; };
		4CDE723A1DEBC04C00E7F0E6 /* Assets.xcassets */ = {isa = PBXFileReference; lastKnownFileType = folder.assetcatalog; path = Assets.xcassets; sourceTree = "<group>"; };
		4CDE723D1DEBC04C00E7F0E6 /* Base */ = {isa = PBXFileReference; lastKnownFileType = file.storyboard; name = Base; path = Base.lproj/LaunchScreen.storyboard; sourceTree = "<group>"; };
		4CDE723F1DEBC04C00E7F0E6 /* Info.plist */ = {isa = PBXFileReference; lastKnownFileType = text.plist.xml; path = Info.plist; sourceTree = "<group>"; };
		4CDE72441DEBC04C00E7F0E6 /* Runtime Add PropertyTests.xctest */ = {isa = PBXFileReference; explicitFileType = wrapper.cfbundle; includeInIndex = 0; path = "Runtime Add PropertyTests.xctest"; sourceTree = BUILT_PRODUCTS_DIR; };
		4CDE72481DEBC04C00E7F0E6 /* Runtime_Add_PropertyTests.m */ = {isa = PBXFileReference; lastKnownFileType = sourcecode.c.objc; path = Runtime_Add_PropertyTests.m; sourceTree = "<group>"; };
		4CDE724A1DEBC04C00E7F0E6 /* Info.plist */ = {isa = PBXFileReference; lastKnownFileType = text.plist.xml; path = Info.plist; sourceTree = "<group>"; };
		4CDE724F1DEBC04C00E7F0E6 /* Runtime Add PropertyUITests.xctest */ = {isa = PBXFileReference; explicitFileType = wrapper.cfbundle; includeInIndex = 0; path = "Runtime Add PropertyUITests.xctest"; sourceTree = BUILT_PRODUCTS_DIR; };
		4CDE72531DEBC04C00E7F0E6 /* Runtime_Add_PropertyUITests.m */ = {isa = PBXFileReference; lastKnownFileType = sourcecode.c.objc; path = Runtime_Add_PropertyUITests.m; sourceTree = "<group>"; };
		4CDE72551DEBC04C00E7F0E6 /* Info.plist */ = {isa = PBXFileReference; lastKnownFileType = text.plist.xml; path = Info.plist; sourceTree = "<group>"; };
		4CDE72611DEBC07D00E7F0E6 /* NSObject+Property.h */ = {isa = PBXFileReference; fileEncoding = 4; lastKnownFileType = sourcecode.c.h; path = "NSObject+Property.h"; sourceTree = "<group>"; };
		4CDE72621DEBC07D00E7F0E6 /* NSObject+Property.m */ = {isa = PBXFileReference; fileEncoding = 4; lastKnownFileType = sourcecode.c.objc; path = "NSObject+Property.m"; sourceTree = "<group>"; };
/* End PBXFileReference section */

/* Begin PBXFrameworksBuildPhase section */
		4CDE72281DEBC04C00E7F0E6 /* Frameworks */ = {
			isa = PBXFrameworksBuildPhase;
			buildActionMask = 2147483647;
			files = (
			);
			runOnlyForDeploymentPostprocessing = 0;
		};
		4CDE72411DEBC04C00E7F0E6 /* Frameworks */ = {
			isa = PBXFrameworksBuildPhase;
			buildActionMask = 2147483647;
			files = (
			);
			runOnlyForDeploymentPostprocessing = 0;
		};
		4CDE724C1DEBC04C00E7F0E6 /* Frameworks */ = {
			isa = PBXFrameworksBuildPhase;
			buildActionMask = 2147483647;
			files = (
			);
			runOnlyForDeploymentPostprocessing = 0;
		};
/* End PBXFrameworksBuildPhase section */

/* Begin PBXGroup section */
		4CDE72221DEBC04C00E7F0E6 = {
			isa = PBXGroup;
			children = (
				4CDE722D1DEBC04C00E7F0E6 /* Runtime Add Property */,
				4CDE72471DEBC04C00E7F0E6 /* Runtime Add PropertyTests */,
				4CDE72521DEBC04C00E7F0E6 /* Runtime Add PropertyUITests */,
				4CDE722C1DEBC04C00E7F0E6 /* Products */,
			);
			sourceTree = "<group>";
		};
		4CDE722C1DEBC04C00E7F0E6 /* Products */ = {
			isa = PBXGroup;
			children = (
				4CDE722B1DEBC04C00E7F0E6 /* Runtime Add Property.app */,
				4CDE72441DEBC04C00E7F0E6 /* Runtime Add PropertyTests.xctest */,
				4CDE724F1DEBC04C00E7F0E6 /* Runtime Add PropertyUITests.xctest */,
			);
			name = Products;
			sourceTree = "<group>";
		};
		4CDE722D1DEBC04C00E7F0E6 /* Runtime Add Property */ = {
			isa = PBXGroup;
			children = (
				4CDE72311DEBC04C00E7F0E6 /* AppDelegate.h */,
				4CDE72321DEBC04C00E7F0E6 /* AppDelegate.m */,
				4CDE72341DEBC04C00E7F0E6 /* ViewController.h */,
				4CDE72351DEBC04C00E7F0E6 /* ViewController.m */,
				4CDE72611DEBC07D00E7F0E6 /* NSObject+Property.h */,
				4CDE72621DEBC07D00E7F0E6 /* NSObject+Property.m */,
				4CDE72371DEBC04C00E7F0E6 /* Main.storyboard */,
				4CDE723A1DEBC04C00E7F0E6 /* Assets.xcassets */,
				4CDE723C1DEBC04C00E7F0E6 /* LaunchScreen.storyboard */,
				4CDE723F1DEBC04C00E7F0E6 /* Info.plist */,
				4CDE722E1DEBC04C00E7F0E6 /* Supporting Files */,
			);
			path = "Runtime Add Property";
			sourceTree = "<group>";
		};
		4CDE722E1DEBC04C00E7F0E6 /* Supporting Files */ = {
			isa = PBXGroup;
			children = (
				4CDE722F1DEBC04C00E7F0E6 /* main.m */,
			);
			name = "Supporting Files";
			sourceTree = "<group>";
		};
		4CDE72471DEBC04C00E7F0E6 /* Runtime Add PropertyTests */ = {
			isa = PBXGroup;
			children = (
				4CDE72481DEBC04C00E7F0E6 /* Runtime_Add_PropertyTests.m */,
				4CDE724A1DEBC04C00E7F0E6 /* Info.plist */,
			);
			path = "Runtime Add PropertyTests";
			sourceTree = "<group>";
		};
		4CDE72521DEBC04C00E7F0E6 /* Runtime Add PropertyUITests */ = {
			isa = PBXGroup;
			children = (
				4CDE72531DEBC04C00E7F0E6 /* Runtime_Add_PropertyUITests.m */,
				4CDE72551DEBC04C00E7F0E6 /* Info.plist */,
			);
			path = "Runtime Add PropertyUITests";
			sourceTree = "<group>";
		};
/* End PBXGroup section */

/* Begin PBXNativeTarget section */
		4CDE722A1DEBC04C00E7F0E6 /* Runtime Add Property */ = {
			isa = PBXNativeTarget;
			buildConfigurationList = 4CDE72581DEBC04C00E7F0E6 /* Build configuration list for PBXNativeTarget "Runtime Add Property" */;
			buildPhases = (
				4CDE72271DEBC04C00E7F0E6 /* Sources */,
				4CDE72281DEBC04C00E7F0E6 /* Frameworks */,
				4CDE72291DEBC04C00E7F0E6 /* Resources */,
			);
			buildRules = (
			);
			dependencies = (
			);
			name = "Runtime Add Property";
			productName = "Runtime Add Property";
			productReference = 4CDE722B1DEBC04C00E7F0E6 /* Runtime Add Property.app */;
			productType = "com.apple.product-type.application";
		};
		4CDE72431DEBC04C00E7F0E6 /* Runtime Add PropertyTests */ = {
			isa = PBXNativeTarget;
			buildConfigurationList = 4CDE725B1DEBC04C00E7F0E6 /* Build configuration list for PBXNativeTarget "Runtime Add PropertyTests" */;
			buildPhases = (
				4CDE72401DEBC04C00E7F0E6 /* Sources */,
				4CDE72411DEBC04C00E7F0E6 /* Frameworks */,
				4CDE72421DEBC04C00E7F0E6 /* Resources */,
			);
			buildRules = (
			);
			dependencies = (
				4CDE72461DEBC04C00E7F0E6 /* PBXTargetDependency */,
			);
			name = "Runtime Add PropertyTests";
			productName = "Runtime Add PropertyTests";
			productReference = 4CDE72441DEBC04C00E7F0E6 /* Runtime Add PropertyTests.xctest */;
			productType = "com.apple.product-type.bundle.unit-test";
		};
		4CDE724E1DEBC04C00E7F0E6 /* Runtime Add PropertyUITests */ = {
			isa = PBXNativeTarget;
			buildConfigurationList = 4CDE725E1DEBC04C00E7F0E6 /* Build configuration list for PBXNativeTarget "Runtime Add PropertyUITests" */;
			buildPhases = (
				4CDE724B1DEBC04C00E7F0E6 /* Sources */,
				4CDE724C1DEBC04C00E7F0E6 /* Frameworks */,
				4CDE724D1DEBC04C00E7F0E6 /* Resources */,
			);
			buildRules = (
			);
			dependencies = (
				4CDE72511DEBC04C00E7F0E6 /* PBXTargetDependency */,
			);
			name = "Runtime Add PropertyUITests";
			productName = "Runtime Add PropertyUITests";
			productReference = 4CDE724F1DEBC04C00E7F0E6 /* Runtime Add PropertyUITests.xctest */;
			productType = "com.apple.product-type.bundle.ui-testing";
		};
/* End PBXNativeTarget section */

/* Begin PBXProject section */
		4CDE72231DEBC04C00E7F0E6 /* Project object */ = {
			isa = PBXProject;
			attributes = {
				LastUpgradeCheck = 0730;
				ORGANIZATIONNAME = Edward;
				TargetAttributes = {
					4CDE722A1DEBC04C00E7F0E6 = {
						CreatedOnToolsVersion = 7.3.1;
					};
					4CDE72431DEBC04C00E7F0E6 = {
						CreatedOnToolsVersion = 7.3.1;
						TestTargetID = 4CDE722A1DEBC04C00E7F0E6;
					};
					4CDE724E1DEBC04C00E7F0E6 = {
						CreatedOnToolsVersion = 7.3.1;
						TestTargetID = 4CDE722A1DEBC04C00E7F0E6;
					};
				};
			};
			buildConfigurationList = 4CDE72261DEBC04C00E7F0E6 /* Build configuration list for PBXProject "Runtime Add Property" */;
			compatibilityVersion = "Xcode 3.2";
			developmentRegion = English;
			hasScannedForEncodings = 0;
			knownRegions = (
				en,
				Base,
			);
			mainGroup = 4CDE72221DEBC04C00E7F0E6;
			productRefGroup = 4CDE722C1DEBC04C00E7F0E6 /* Products */;
			projectDirPath = "";
			projectRoot = "";
			targets = (
				4CDE722A1DEBC04C00E7F0E6 /* Runtime Add Property */,
				4CDE72431DEBC04C00E7F0E6 /* Runtime Add PropertyTests */,
				4CDE724E1DEBC04C00E7F0E6 /* Runtime Add PropertyUITests */,
			);
		};
/* End PBXProject section */

/* Begin PBXResourcesBuildPhase section */
		4CDE72291DEBC04C00E7F0E6 /* Resources */ = {
			isa = PBXResourcesBuildPhase;
			buildActionMask = 2147483647;
			files = (
				4CDE723E1DEBC04C00E7F0E6 /* LaunchScreen.storyboard in Resources */,
				4CDE723B1DEBC04C00E7F0E6 /* Assets.xcassets in Resources */,
				4CDE72391DEBC04C00E7F0E6 /* Main.storyboard in Resources */,
			);
			runOnlyForDeploymentPostprocessing = 0;
		};
		4CDE72421DEBC04C00E7F0E6 /* Resources */ = {
			isa = PBXResourcesBuildPhase;
			buildActionMask = 2147483647;
			files = (
			);
			runOnlyForDeploymentPostprocessing = 0;
		};
		4CDE724D1DEBC04C00E7F0E6 /* Resources */ = {
			isa = PBXResourcesBuildPhase;
			buildActionMask = 2147483647;
			files = (
			);
			runOnlyForDeploymentPostprocessing = 0;
		};
/* End PBXResourcesBuildPhase section */

/* Begin PBXSourcesBuildPhase section */
		4CDE72271DEBC04C00E7F0E6 /* Sources */ = {
			isa = PBXSourcesBuildPhase;
			buildActionMask = 2147483647;
			files = (
				4CDE72361DEBC04C00E7F0E6 /* ViewController.m in Sources */,
				4CDE72331DEBC04C00E7F0E6 /* AppDelegate.m in Sources */,
				4CDE72631DEBC07D00E7F0E6 /* NSObject+Property.m in Sources */,
				4CDE72301DEBC04C00E7F0E6 /* main.m in Sources */,
			);
			runOnlyForDeploymentPostprocessing = 0;
		};
		4CDE72401DEBC04C00E7F0E6 /* Sources */ = {
			isa = PBXSourcesBuildPhase;
			buildActionMask = 2147483647;
			files = (
				4CDE72491DEBC04C00E7F0E6 /* Runtime_Add_PropertyTests.m in Sources */,
			);
			runOnlyForDeploymentPostprocessing = 0;
		};
		4CDE724B1DEBC04C00E7F0E6 /* Sources */ = {
			isa = PBXSourcesBuildPhase;
			buildActionMask = 2147483647;
			files = (
				4CDE72541DEBC04C00E7F0E6 /* Runtime_Add_PropertyUITests.m in Sources */,
			);
			runOnlyForDeploymentPostprocessing = 0;
		};
/* End PBXSourcesBuildPhase section */

/* Begin PBXTargetDependency section */
		4CDE72461DEBC04C00E7F0E6 /* PBXTargetDependency */ = {
			isa = PBXTargetDependency;
			target = 4CDE722A1DEBC04C00E7F0E6 /* Runtime Add Property */;
			targetProxy = 4CDE72451DEBC04C00E7F0E6 /* PBXContainerItemProxy */;
		};
		4CDE72511DEBC04C00E7F0E6 /* PBXTargetDependency */ = {
			isa = PBXTargetDependency;
			target = 4CDE722A1DEBC04C00E7F0E6 /* Runtime Add Property */;
			targetProxy = 4CDE72501DEBC04C00E7F0E6 /* PBXContainerItemProxy */;
		};
/* End PBXTargetDependency section */

/* Begin PBXVariantGroup section */
		4CDE72371DEBC04C00E7F0E6 /* Main.storyboard */ = {
			isa = PBXVariantGroup;
			children = (
				4CDE72381DEBC04C00E7F0E6 /* Base */,
			);
			name = Main.storyboard;
			sourceTree = "<group>";
		};
		4CDE723C1DEBC04C00E7F0E6 /* LaunchScreen.storyboard */ = {
			isa = PBXVariantGroup;
			children = (
				4CDE723D1DEBC04C00E7F0E6 /* Base */,
			);
			name = LaunchScreen.storyboard;
			sourceTree = "<group>";
		};
/* End PBXVariantGroup section */

/* Begin XCBuildConfiguration section */
		4CDE72561DEBC04C00E7F0E6 /* Debug */ = {
			isa = XCBuildConfiguration;
			buildSettings = {
				ALWAYS_SEARCH_USER_PATHS = NO;
				CLANG_ANALYZER_NONNULL = YES;
				CLANG_CXX_LANGUAGE_STANDARD = "gnu++0x";
				CLANG_CXX_LIBRARY = "libc++";
				CLANG_ENABLE_MODULES = YES;
				CLANG_ENABLE_OBJC_ARC = YES;
				CLANG_WARN_BOOL_CONVERSION = YES;
				CLANG_WARN_CONSTANT_CONVERSION = YES;
				CLANG_WARN_DIRECT_OBJC_ISA_USAGE = YES_ERROR;
				CLANG_WARN_EMPTY_BODY = YES;
				CLANG_WARN_ENUM_CONVERSION = YES;
				CLANG_WARN_INT_CONVERSION = YES;
				CLANG_WARN_OBJC_ROOT_CLASS = YES_ERROR;
				CLANG_WARN_UNREACHABLE_CODE = YES;
				CLANG_WARN__DUPLICATE_METHOD_MATCH = YES;
				"CODE_SIGN_IDENTITY[sdk=iphoneos*]" = "iPhone Developer";
				COPY_PHASE_STRIP = NO;
				DEBUG_INFORMATION_FORMAT = dwarf;
				ENABLE_STRICT_OBJC_MSGSEND = YES;
				ENABLE_TESTABILITY = YES;
				GCC_C_LANGUAGE_STANDARD = gnu99;
				GCC_DYNAMIC_NO_PIC = NO;
				GCC_NO_COMMON_BLOCKS = YES;
				GCC_OPTIMIZATION_LEVEL = 0;
				GCC_PREPROCESSOR_DEFINITIONS = (
					"DEBUG=1",
					"$(inherited)",
				);
				GCC_WARN_64_TO_32_BIT_CONVERSION = YES;
				GCC_WARN_ABOUT_RETURN_TYPE = YES_ERROR;
				GCC_WARN_UNDECLARED_SELECTOR = YES;
				GCC_WARN_UNINITIALIZED_AUTOS = YES_AGGRESSIVE;
				GCC_WARN_UNUSED_FUNCTION = YES;
				GCC_WARN_UNUSED_VARIABLE = YES;
				IPHONEOS_DEPLOYMENT_TARGET = 9.3;
				MTL_ENABLE_DEBUG_INFO = YES;
				ONLY_ACTIVE_ARCH = YES;
				SDKROOT = iphoneos;
				TARGETED_DEVICE_FAMILY = "1,2";
			};
			name = Debug;
		};
		4CDE72571DEBC04C00E7F0E6 /* Release */ = {
			isa = XCBuildConfiguration;
			buildSettings = {
				ALWAYS_SEARCH_USER_PATHS = NO;
				CLANG_ANALYZER_NONNULL = YES;
				CLANG_CXX_LANGUAGE_STANDARD = "gnu++0x";
				CLANG_CXX_LIBRARY = "libc++";
				CLANG_ENABLE_MODULES = YES;
				CLANG_ENABLE_OBJC_ARC = YES;
				CLANG_WARN_BOOL_CONVERSION = YES;
				CLANG_WARN_CONSTANT_CONVERSION = YES;
				CLANG_WARN_DIRECT_OBJC_ISA_USAGE = YES_ERROR;
				CLANG_WARN_EMPTY_BODY = YES;
				CLANG_WARN_ENUM_CONVERSION = YES;
				CLANG_WARN_INT_CONVERSION = YES;
				CLANG_WARN_OBJC_ROOT_CLASS = YES_ERROR;
				CLANG_WARN_UNREACHABLE_CODE = YES;
				CLANG_WARN__DUPLICATE_METHOD_MATCH = YES;
				"CODE_SIGN_IDENTITY[sdk=iphoneos*]" = "iPhone Developer";
				COPY_PHASE_STRIP = NO;
				DEBUG_INFORMATION_FORMAT = "dwarf-with-dsym";
				ENABLE_NS_ASSERTIONS = NO;
				ENABLE_STRICT_OBJC_MSGSEND = YES;
				GCC_C_LANGUAGE_STANDARD = gnu99;
				GCC_NO_COMMON_BLOCKS = YES;
				GCC_WARN_64_TO_32_BIT_CONVERSION = YES;
				GCC_WARN_ABOUT_RETURN_TYPE = YES_ERROR;
				GCC_WARN_UNDECLARED_SELECTOR = YES;
				GCC_WARN_UNINITIALIZED_AUTOS = YES_AGGRESSIVE;
				GCC_WARN_UNUSED_FUNCTION = YES;
				GCC_WARN_UNUSED_VARIABLE = YES;
				IPHONEOS_DEPLOYMENT_TARGET = 9.3;
				MTL_ENABLE_DEBUG_INFO = NO;
				SDKROOT = iphoneos;
				TARGETED_DEVICE_FAMILY = "1,2";
				VALIDATE_PRODUCT = YES;
			};
			name = Release;
		};
		4CDE72591DEBC04C00E7F0E6 /* Debug */ = {
			isa = XCBuildConfiguration;
			buildSettings = {
				ASSETCATALOG_COMPILER_APPICON_NAME = AppIcon;
				INFOPLIST_FILE = "Runtime Add Property/Info.plist";
				LD_RUNPATH_SEARCH_PATHS = "$(inherited) @executable_path/Frameworks";
				PRODUCT_BUNDLE_IDENTIFIER = "coolpeng.Runtime-Add-Property";
				PRODUCT_NAME = "$(TARGET_NAME)";
			};
			name = Debug;
		};
		4CDE725A1DEBC04C00E7F0E6 /* Release */ = {
			isa = XCBuildConfiguration;
			buildSettings = {
				ASSETCATALOG_COMPILER_APPICON_NAME = AppIcon;
				INFOPLIST_FILE = "Runtime Add Property/Info.plist";
				LD_RUNPATH_SEARCH_PATHS = "$(inherited) @executable_path/Frameworks";
				PRODUCT_BUNDLE_IDENTIFIER = "coolpeng.Runtime-Add-Property";
				PRODUCT_NAME = "$(TARGET_NAME)";
			};
			name = Release;
		};
		4CDE725C1DEBC04C00E7F0E6 /* Debug */ = {
			isa = XCBuildConfiguration;
			buildSettings = {
				BUNDLE_LOADER = "$(TEST_HOST)";
				INFOPLIST_FILE = "Runtime Add PropertyTests/Info.plist";
				LD_RUNPATH_SEARCH_PATHS = "$(inherited) @executable_path/Frameworks @loader_path/Frameworks";
				PRODUCT_BUNDLE_IDENTIFIER = "coolpeng.Runtime-Add-PropertyTests";
				PRODUCT_NAME = "$(TARGET_NAME)";
				TEST_HOST = "$(BUILT_PRODUCTS_DIR)/Runtime Add Property.app/Runtime Add Property";
			};
			name = Debug;
		};
		4CDE725D1DEBC04C00E7F0E6 /* Release */ = {
			isa = XCBuildConfiguration;
			buildSettings = {
				BUNDLE_LOADER = "$(TEST_HOST)";
				INFOPLIST_FILE = "Runtime Add PropertyTests/Info.plist";
				LD_RUNPATH_SEARCH_PATHS = "$(inherited) @executable_path/Frameworks @loader_path/Frameworks";
				PRODUCT_BUNDLE_IDENTIFIER = "coolpeng.Runtime-Add-PropertyTests";
				PRODUCT_NAME = "$(TARGET_NAME)";
				TEST_HOST = "$(BUILT_PRODUCTS_DIR)/Runtime Add Property.app/Runtime Add Property";
			};
			name = Release;
		};
		4CDE725F1DEBC04C00E7F0E6 /* Debug */ = {
			isa = XCBuildConfiguration;
			buildSettings = {
				INFOPLIST_FILE = "Runtime Add PropertyUITests/Info.plist";
				LD_RUNPATH_SEARCH_PATHS = "$(inherited) @executable_path/Frameworks @loader_path/Frameworks";
				PRODUCT_BUNDLE_IDENTIFIER = "coolpeng.Runtime-Add-PropertyUITests";
				PRODUCT_NAME = "$(TARGET_NAME)";
				TEST_TARGET_NAME = "Runtime Add Property";
			};
			name = Debug;
		};
		4CDE72601DEBC04C00E7F0E6 /* Release */ = {
			isa = XCBuildConfiguration;
			buildSettings = {
				INFOPLIST_FILE = "Runtime Add PropertyUITests/Info.plist";
				LD_RUNPATH_SEARCH_PATHS = "$(inherited) @executable_path/Frameworks @loader_path/Frameworks";
				PRODUCT_BUNDLE_IDENTIFIER = "coolpeng.Runtime-Add-PropertyUITests";
				PRODUCT_NAME = "$(TARGET_NAME)";
				TEST_TARGET_NAME = "Runtime Add Property";
			};
			name = Release;
		};
/* End XCBuildConfiguration section */

/* Begin XCConfigurationList section */
		4CDE72261DEBC04C00E7F0E6 /* Build configuration list for PBXProject "Runtime Add Property" */ = {
			isa = XCConfigurationList;
			buildConfigurations = (
				4CDE72561DEBC04C00E7F0E6 /* Debug */,
				4CDE72571DEBC04C00E7F0E6 /* Release */,
			);
			defaultConfigurationIsVisible = 0;
			defaultConfigurationName = Release;
		};
		4CDE72581DEBC04C00E7F0E6 /* Build configuration list for PBXNativeTarget "Runtime Add Property" */ = {
			isa = XCConfigurationList;
			buildConfigurations = (
				4CDE72591DEBC04C00E7F0E6 /* Debug */,
				4CDE725A1DEBC04C00E7F0E6 /* Release */,
			);
			defaultConfigurationIsVisible = 0;
		};
		4CDE725B1DEBC04C00E7F0E6 /* Build configuration list for PBXNativeTarget "Runtime Add PropertyTests" */ = {
			isa = XCConfigurationList;
			buildConfigurations = (
				4CDE725C1DEBC04C00E7F0E6 /* Debug */,
				4CDE725D1DEBC04C00E7F0E6 /* Release */,
			);
			defaultConfigurationIsVisible = 0;
		};
		4CDE725E1DEBC04C00E7F0E6 /* Build configuration list for PBXNativeTarget "Runtime Add PropertyUITests" */ = {
			isa = XCConfigurationList;
			buildConfigurations = (
				4CDE725F1DEBC04C00E7F0E6 /* Debug */,
				4CDE72601DEBC04C00E7F0E6 /* Release */,
			);
			defaultConfigurationIsVisible = 0;
		};
/* End XCConfigurationList section */
	};
	rootObject = 4CDE72231DEBC04C00E7F0E6 /* Project object */;
}
